
Microsoft Visual Studio Solution File, Format Version 12.00
# Visual Studio 15
VisualStudioVersion = 15.0.27130.2010
MinimumVisualStudioVersion = 10.0.40219.1
Project("{FAE04EC0-301F-11D3-BF4B-00C04F79EFBC}") = "EnumRun", "EnumRun\EnumRun.csproj", "{412AD03D-A64F-4682-BFAD-1BA00879B3FB}"
EndProject
Project("{FAE04EC0-301F-11D3-BF4B-00C04F79EFBC}") = "SetConfWindow", "SetConfWindow\SetConfWindow.csproj", "{AB607DBE-4E3F-482C-B521-13C8C64E5C3D}"
EndProject
Global
	GlobalSection(SolutionConfigurationPlatforms) = preSolution
		Debug|Any CPU = Debug|Any CPU
		Release|Any CPU = Release|Any CPU
	EndGlobalSection
	GlobalSection(ProjectConfigurationPlatforms) = postSolution
		{412AD03D-A64F-4682-BFAD-1BA00879B3FB}.Debug|Any CPU.ActiveCfg = Debug|Any CPU
		{412AD03D-A64F-4682-BFAD-1BA00879B3FB}.Debug|Any CPU.Build.0 = Debug|Any CPU
		{412AD03D-A64F-4682-BFAD-1BA00879B3FB}.Release|Any CPU.ActiveCfg = Release|Any CPU
		{412AD03D-A64F-4682-BFAD-1BA00879B3FB}.Release|Any CPU.Build.0 = Release|Any CPU
		{AB607DBE-4E3F-482C-B521-13C8C64E5C3D}.Debug|Any CPU.ActiveCfg = Debug|Any CPU
		{AB607DBE-4E3F-482C-B521-13C8C64E5C3D}.Debug|Any CPU.Build.0 = Debug|Any CPU
		{AB607DBE-4E3F-482C-B521-13C8C64E5C3D}.Release|Any CPU.ActiveCfg = Release|Any CPU
		{AB607DBE-4E3F-482C-B521-13C8C64E5C3D}.Release|Any CPU.Build.0 = Release|Any CPU
	EndGlobalSection
	GlobalSection(SolutionProperties) = preSolution
		HideSolutionNode = FALSE
	EndGlobalSection
	GlobalSection(ExtensibilityGlobals) = postSolution
		SolutionGuid = {A1F5EE0C-EDA2-4CEB-9540-4D6A0BF226B3}
	EndGlobalSection
EndGlobal
